PODS:
  - LJKeyBroadEventManager (3.1.2):
    - LJViewController
    - LJViewKit
  - LJViewController (1.1.0)
  - LJViewKit (2.2.3)

DEPENDENCIES:
  - LJKeyBroadEventManager (from `../`)
  - LJViewKit (~> 2.2.3)

SPEC REPOS:
  https://github.com/cocoapods/specs.git:
    - LJViewController
    - LJViewKit

EXTERNAL SOURCES:
  LJKeyBroadEventManager:
    :path: "../"

SPEC CHECKSUMS:
  LJKeyBroadEventManager: d4e1108c4ce7161fa834df3bf64f97f2d4b85bca
  LJViewController: 0a66bf40896d706fd93b6aa0654d4a6a164405d0
  LJViewKit: 620b66a88665caf23e359b989e948883a2afe645

PODFILE CHECKSUM: 6b2f1678efc959e611caa7061c057107e591dc46

COCOAPODS: 1.7.5
