PODS:
  - LJKeyBroadEventManager (3.2.9):
    - LJKeyBroadEventManager/KeyBroad (= 3.2.9)
    - LJViewController
    - LJViewKit
  - LJKeyBroadEventManager/KeyBroad (3.2.9):
    - LJViewController
    - LJViewKit
  - LJViewController (1.1.0)
  - LJViewKit (2.4.0):
    - LJViewKit/class (= 2.4.0)
  - LJViewKit/class (2.4.0)

DEPENDENCIES:
  - LJKeyBroadEventManager (from `../`)
  - LJViewKit (~> 2.4.0)

SPEC REPOS:
  https://github.com/cocoapods/specs.git:
    - LJViewController
    - LJViewKit

EXTERNAL SOURCES:
  LJKeyBroadEventManager:
    :path: "../"

SPEC CHECKSUMS:
  LJKeyBroadEventManager: d397d139ee83b6570469d9752dd6af641a31aa66
  LJViewController: 0a66bf40896d706fd93b6aa0654d4a6a164405d0
  LJViewKit: e6b01b661fbf7a26c494017daa7d8f42a421ba62

PODFILE CHECKSUM: e6ee52b671ffd24d88130342adde420f52a7645c

COCOAPODS: 1.7.5
