PODS:
  - LJKeyBroadEventManager (3.0.7):
    - LJViewController
    - LJViewKit
  - LJViewController (1.1.0)
  - LJViewKit (2.1.10)

DEPENDENCIES:
  - LJKeyBroadEventManager (from `../`)
  - LJViewKit (~> 2.1.10)

SPEC REPOS:
  https://github.com/cocoapods/specs.git:
    - LJViewController
    - LJViewKit

EXTERNAL SOURCES:
  LJKeyBroadEventManager:
    :path: "../"

SPEC CHECKSUMS:
  LJKeyBroadEventManager: b9785bc578d8faceadb8adb4d04faf29ba7e3eb0
  LJViewController: 0a66bf40896d706fd93b6aa0654d4a6a164405d0
  LJViewKit: 9e8705ec1f09d47cd6940a570a5d40e2518253fd

PODFILE CHECKSUM: af1a83fbcb3a5479256fde52208236295749da5a

COCOAPODS: 1.7.0.beta.3
